{
  "name": "cimmenu",
  "version": "0.1.0",
  "lockfileVersion": 1,
  "requires": true,
  "dependencies": {
    "@babel/helper-annotate-as-pure": {
      "version": "7.10.1",
      "resolved": "https://registry.npmjs.org/@babel/helper-annotate-as-pure/-/helper-annotate-as-pure-7.10.1.tgz",
      "integrity": "sha512-ewp3rvJEwLaHgyWGe4wQssC2vjks3E80WiUe2BpMb0KhreTjMROCbxXcEovTrbeGVdQct5VjQfrv9EgC+xMzCw==",
      "requires": {
        "@babel/types": "^7.10.1"
      }
    },
    "@babel/helper-builder-react-jsx": {
      "version": "7.10.3",
      "resolved": "https://registry.npmjs.org/@babel/helper-builder-react-jsx/-/helper-builder-react-jsx-7.10.3.tgz",
      "integrity": "sha512-vkxmuFvmovtqTZknyMGj9+uQAZzz5Z9mrbnkJnPkaYGfKTaSsYcjQdXP0lgrWLVh8wU6bCjOmXOpx+kqUi+S5Q==",
      "requires": {
        "@babel/helper-annotate-as-pure": "^7.10.1",
        "@babel/types": "^7.10.3"
      }
    },
    "@babel/helper-builder-react-jsx-experimental": {
      "version": "7.10.1",
      "resolved": "https://registry.npmjs.org/@babel/helper-builder-react-jsx-experimental/-/helper-builder-react-jsx-experimental-7.10.1.tgz",
      "integrity": "sha512-irQJ8kpQUV3JasXPSFQ+LCCtJSc5ceZrPFVj6TElR6XCHssi3jV8ch3odIrNtjJFRZZVbrOEfJMI79TPU/h1pQ==",
      "requires": {
        "@babel/helper-annotate-as-pure": "^7.10.1",
        "@babel/helper-module-imports": "^7.10.1",
        "@babel/types": "^7.10.1"
      }
    },
    "@babel/helper-module-imports": {
      "version": "7.10.3",
      "resolved": "https://registry.npmjs.org/@babel/helper-module-imports/-/helper-module-imports-7.10.3.tgz",
      "integrity": "sha512-Jtqw5M9pahLSUWA+76nhK9OG8nwYXzhQzVIGFoNaHnXF/r4l7kz4Fl0UAW7B6mqC5myoJiBP5/YQlXQTMfHI9w==",
      "requires": {
        "@babel/types": "^7.10.3"
      }
    },
    "@babel/helper-plugin-utils": {
      "version": "7.10.3",
      "resolved": "https://registry.npmjs.org/@babel/helper-plugin-utils/-/helper-plugin-utils-7.10.3.tgz",
      "integrity": "sha512-j/+j8NAWUTxOtx4LKHybpSClxHoq6I91DQ/mKgAXn5oNUPIUiGppjPIX3TDtJWPrdfP9Kfl7e4fgVMiQR9VE/g=="
    },
    "@babel/helper-validator-identifier": {
      "version": "7.10.3",
      "resolved": "https://registry.npmjs.org/@babel/helper-validator-identifier/-/helper-validator-identifier-7.10.3.tgz",
      "integrity": "sha512-bU8JvtlYpJSBPuj1VUmKpFGaDZuLxASky3LhaKj3bmpSTY6VWooSM8msk+Z0CZoErFye2tlABF6yDkT3FOPAXw=="
    },
    "@babel/plugin-syntax-jsx": {
      "version": "7.10.1",
      "resolved": "https://registry.npmjs.org/@babel/plugin-syntax-jsx/-/plugin-syntax-jsx-7.10.1.tgz",
      "integrity": "sha512-+OxyOArpVFXQeXKLO9o+r2I4dIoVoy6+Uu0vKELrlweDM3QJADZj+Z+5ERansZqIZBcLj42vHnDI8Rz9BnRIuQ==",
      "requires": {
        "@babel/helper-plugin-utils": "^7.10.1"
      }
    },
    "@babel/plugin-transform-react-display-name": {
      "version": "7.10.3",
      "resolved": "https://registry.npmjs.org/@babel/plugin-transform-react-display-name/-/plugin-transform-react-display-name-7.10.3.tgz",
      "integrity": "sha512-dOV44bnSW5KZ6kYF6xSHBth7TFiHHZReYXH/JH3XnFNV+soEL1F5d8JT7AJ3ZBncd19Qul7SN4YpBnyWOnQ8KA==",
      "requires": {
        "@babel/helper-plugin-utils": "^7.10.3"
      }
    },
    "@babel/plugin-transform-react-jsx": {
      "version": "7.10.3",
      "resolved": "https://registry.npmjs.org/@babel/plugin-transform-react-jsx/-/plugin-transform-react-jsx-7.10.3.tgz",
      "integrity": "sha512-Y21E3rZmWICRJnvbGVmDLDZ8HfNDIwjGF3DXYHx1le0v0mIHCs0Gv5SavyW5Z/jgAHLaAoJPiwt+Dr7/zZKcOQ==",
      "requires": {
        "@babel/helper-builder-react-jsx": "^7.10.3",
        "@babel/helper-builder-react-jsx-experimental": "^7.10.1",
        "@babel/helper-plugin-utils": "^7.10.3",
        "@babel/plugin-syntax-jsx": "^7.10.1"
      }
    },
    "@babel/plugin-transform-react-jsx-development": {
      "version": "7.10.1",
      "resolved": "https://registry.npmjs.org/@babel/plugin-transform-react-jsx-development/-/plugin-transform-react-jsx-development-7.10.1.tgz",
      "integrity": "sha512-XwDy/FFoCfw9wGFtdn5Z+dHh6HXKHkC6DwKNWpN74VWinUagZfDcEJc3Y8Dn5B3WMVnAllX8Kviaw7MtC5Epwg==",
      "requires": {
        "@babel/helper-builder-react-jsx-experimental": "^7.10.1",
        "@babel/helper-plugin-utils": "^7.10.1",
        "@babel/plugin-syntax-jsx": "^7.10.1"
      }
    },
    "@babel/plugin-transform-react-jsx-self": {
      "version": "7.10.1",
      "resolved": "https://registry.npmjs.org/@babel/plugin-transform-react-jsx-self/-/plugin-transform-react-jsx-self-7.10.1.tgz",
      "integrity": "sha512-4p+RBw9d1qV4S749J42ZooeQaBomFPrSxa9JONLHJ1TxCBo3TzJ79vtmG2S2erUT8PDDrPdw4ZbXGr2/1+dILA==",
      "requires": {
        "@babel/helper-plugin-utils": "^7.10.1",
        "@babel/plugin-syntax-jsx": "^7.10.1"
      }
    },
    "@babel/plugin-transform-react-jsx-source": {
      "version": "7.10.1",
      "resolved": "https://registry.npmjs.org/@babel/plugin-transform-react-jsx-source/-/plugin-transform-react-jsx-source-7.10.1.tgz",
      "integrity": "sha512-neAbaKkoiL+LXYbGDvh6PjPG+YeA67OsZlE78u50xbWh2L1/C81uHiNP5d1fw+uqUIoiNdCC8ZB+G4Zh3hShJA==",
      "requires": {
        "@babel/helper-plugin-utils": "^7.10.1",
        "@babel/plugin-syntax-jsx": "^7.10.1"
      }
    },
    "@babel/plugin-transform-react-pure-annotations": {
      "version": "7.10.3",
      "resolved": "https://registry.npmjs.org/@babel/plugin-transform-react-pure-annotations/-/plugin-transform-react-pure-annotations-7.10.3.tgz",
      "integrity": "sha512-n/fWYGqvTl7OLZs/QcWaKMFdADPvC3V6jYuEOpPyvz97onsW9TXn196fHnHW1ZgkO20/rxLOgKnEtN1q9jkgqA==",
      "requires": {
        "@babel/helper-annotate-as-pure": "^7.10.1",
        "@babel/helper-plugin-utils": "^7.10.3"
      }
    },
    "@babel/preset-react": {
      "version": "7.10.1",
      "resolved": "https://registry.npmjs.org/@babel/preset-react/-/preset-react-7.10.1.tgz",
      "integrity": "sha512-Rw0SxQ7VKhObmFjD/cUcKhPTtzpeviEFX1E6PgP+cYOhQ98icNqtINNFANlsdbQHrmeWnqdxA4Tmnl1jy5tp3Q==",
      "requires": {
        "@babel/helper-plugin-utils": "^7.10.1",
        "@babel/plugin-transform-react-display-name": "^7.10.1",
        "@babel/plugin-transform-react-jsx": "^7.10.1",
        "@babel/plugin-transform-react-jsx-development": "^7.10.1",
        "@babel/plugin-transform-react-jsx-self": "^7.10.1",
        "@babel/plugin-transform-react-jsx-source": "^7.10.1",
        "@babel/plugin-transform-react-pure-annotations": "^7.10.1"
      }
    },
    "@babel/types": {
      "version": "7.10.3",
      "resolved": "https://registry.npmjs.org/@babel/types/-/types-7.10.3.tgz",
      "integrity": "sha512-nZxaJhBXBQ8HVoIcGsf9qWep3Oh3jCENK54V4mRF7qaJabVsAYdbTtmSD8WmAp1R6ytPiu5apMwSXyxB1WlaBA==",
      "requires": {
        "@babel/helper-validator-identifier": "^7.10.3",
        "lodash": "^4.17.13",
        "to-fast-properties": "^2.0.0"
      }
    },
    "@nodelib/fs.scandir": {
      "version": "2.1.3",
      "resolved": "https://registry.npmjs.org/@nodelib/fs.scandir/-/fs.scandir-2.1.3.tgz",
      "integrity": "sha512-eGmwYQn3gxo4r7jdQnkrrN6bY478C3P+a/y72IJukF8LjB6ZHeB3c+Ehacj3sYeSmUXGlnA67/PmbM9CVwL7Dw==",
      "requires": {
        "@nodelib/fs.stat": "2.0.3",
        "run-parallel": "^1.1.9"
      }
    },
    "@nodelib/fs.stat": {
      "version": "2.0.3",
      "resolved": "https://registry.npmjs.org/@nodelib/fs.stat/-/fs.stat-2.0.3.tgz",
      "integrity": "sha512-bQBFruR2TAwoevBEd/NWMoAAtNGzTRgdrqnYCc7dhzfoNvqPzLyqlEQnzZ3kVnNrSp25iyxE00/3h2fqGAGArA=="
    },
    "@nodelib/fs.walk": {
      "version": "1.2.4",
      "resolved": "https://registry.npmjs.org/@nodelib/fs.walk/-/fs.walk-1.2.4.tgz",
      "integrity": "sha512-1V9XOY4rDW0rehzbrcqAmHnz8e7SKvX27gh8Gt2WgB0+pdzdiLV83p72kZPU+jvMbS1qU5mauP2iOvO8rhmurQ==",
      "requires": {
        "@nodelib/fs.scandir": "2.1.3",
        "fastq": "^1.6.0"
      }
    },
    "@rollup/plugin-babel": {
      "version": "5.0.4",
      "resolved": "https://registry.npmjs.org/@rollup/plugin-babel/-/plugin-babel-5.0.4.tgz",
      "integrity": "sha512-MBtNoi5gqBEbqy1gE9jZBfPsi10kbuK2CEu9bx53nk1Z3ATRvBOoZ/GsbhXOeVbS76xXi/DeYM+vYX6EGIDv9A==",
      "requires": {
        "@babel/helper-module-imports": "^7.7.4",
        "@rollup/pluginutils": "^3.0.8"
      }
    },
    "@rollup/plugin-replace": {
      "version": "2.3.3",
      "resolved": "https://registry.npmjs.org/@rollup/plugin-replace/-/plugin-replace-2.3.3.tgz",
      "integrity": "sha512-XPmVXZ7IlaoWaJLkSCDaa0Y6uVo5XQYHhiMFzOd5qSv5rE+t/UJToPIOE56flKIxBFQI27ONsxb7dqHnwSsjKQ==",
      "requires": {
        "@rollup/pluginutils": "^3.0.8",
        "magic-string": "^0.25.5"
      }
    },
    "@rollup/pluginutils": {
      "version": "3.1.0",
      "resolved": "https://registry.npmjs.org/@rollup/pluginutils/-/pluginutils-3.1.0.tgz",
      "integrity": "sha512-GksZ6pr6TpIjHm8h9lSQ8pi8BE9VeubNT0OMJ3B5uZJ8pz73NPiqOtCog/x2/QzM1ENChPKxMDhiQuRHsqc+lg==",
      "requires": {
        "@types/estree": "0.0.39",
        "estree-walker": "^1.0.1",
        "picomatch": "^2.2.2"
      }
    },
    "@types/estree": {
      "version": "0.0.39",
      "resolved": "https://registry.npmjs.org/@types/estree/-/estree-0.0.39.tgz",
      "integrity": "sha512-EYNwp3bU+98cpU4lAWYYL7Zz+2gryWH1qbdDTidVd6hkiR6weksdbMadyXKXNPEkQFhXM+hVO9ZygomHXp+AIw=="
    },
    "async": {
      "version": "3.2.0",
      "resolved": "https://registry.npmjs.org/async/-/async-3.2.0.tgz",
      "integrity": "sha512-TR2mEZFVOj2pLStYxLht7TyfuRzaydfpxr3k9RpHIzMgw7A64dzsdqCxH1WJyQdoe8T10nDXd9wnEigmiuHIZw=="
    },
    "braces": {
      "version": "3.0.2",
      "resolved": "https://registry.npmjs.org/braces/-/braces-3.0.2.tgz",
      "integrity": "sha512-b8um+L1RzM3WDSzvhm6gIz1yfTbBt6YTlcEKAvsmqCZZFw46z626lVj9j1yEPW33H5H+lBQpZMP1k8l+78Ha0A==",
      "requires": {
        "fill-range": "^7.0.1"
      }
    },
    "estree-walker": {
      "version": "1.0.1",
      "resolved": "https://registry.npmjs.org/estree-walker/-/estree-walker-1.0.1.tgz",
      "integrity": "sha512-1fMXF3YP4pZZVozF8j/ZLfvnR8NSIljt56UhbZ5PeeDmmGHpgpdwQt7ITlGvYaQukCvuBRMLEiKiYC+oeIg4cg=="
    },
    "fast-glob": {
      "version": "3.2.4",
      "resolved": "https://registry.npmjs.org/fast-glob/-/fast-glob-3.2.4.tgz",
      "integrity": "sha512-kr/Oo6PX51265qeuCYsyGypiO5uJFgBS0jksyG7FUeCyQzNwYnzrNIMR1NXfkZXsMYXYLRAHgISHBz8gQcxKHQ==",
      "requires": {
        "@nodelib/fs.stat": "^2.0.2",
        "@nodelib/fs.walk": "^1.2.3",
        "glob-parent": "^5.1.0",
        "merge2": "^1.3.0",
        "micromatch": "^4.0.2",
        "picomatch": "^2.2.1"
      }
    },
    "fastq": {
      "version": "1.8.0",
      "resolved": "https://registry.npmjs.org/fastq/-/fastq-1.8.0.tgz",
      "integrity": "sha512-SMIZoZdLh/fgofivvIkmknUXyPnvxRE3DhtZ5Me3Mrsk5gyPL42F0xr51TdRXskBxHfMp+07bcYzfsYEsSQA9Q==",
      "requires": {
        "reusify": "^1.0.4"
      }
    },
    "fill-range": {
      "version": "7.0.1",
      "resolved": "https://registry.npmjs.org/fill-range/-/fill-range-7.0.1.tgz",
      "integrity": "sha512-qOo9F+dMUmC2Lcb4BbVvnKJxTPjCm+RRpe4gDuGrzkL7mEVl/djYSu2OdQ2Pa302N4oqkSg9ir6jaLWJ2USVpQ==",
      "requires": {
        "to-regex-range": "^5.0.1"
      }
    },
    "fsevents": {
      "version": "2.1.3",
      "resolved": "https://registry.npmjs.org/fsevents/-/fsevents-2.1.3.tgz",
      "integrity": "sha512-Auw9a4AxqWpa9GUfj370BMPzzyncfBABW8Mab7BGWBYDj4Isgq+cDKtx0i6u9jcX9pQDnswsaaOTgTmA5pEjuQ==",
      "optional": true
    },
    "glob-parent": {
      "version": "5.1.1",
      "resolved": "https://registry.npmjs.org/glob-parent/-/glob-parent-5.1.1.tgz",
      "integrity": "sha512-FnI+VGOpnlGHWZxthPGR+QhR78fuiK0sNLkHQv+bL9fQi57lNNdquIbna/WrfROrolq8GK5Ek6BiMwqL/voRYQ==",
      "requires": {
        "is-glob": "^4.0.1"
      }
    },
    "handlebars": {
      "version": "4.7.6",
      "resolved": "https://registry.npmjs.org/handlebars/-/handlebars-4.7.6.tgz",
      "integrity": "sha512-1f2BACcBfiwAfStCKZNrUCgqNZkGsAT7UM3kkYtXuLo0KnaVfjKOyf7PRzB6++aK9STyT1Pd2ZCPe3EGOXleXA==",
      "requires": {
        "minimist": "^1.2.5",
        "neo-async": "^2.6.0",
        "source-map": "^0.6.1",
        "uglify-js": "^3.1.4",
        "wordwrap": "^1.0.0"
      }
    },
    "is-extglob": {
      "version": "2.1.1",
      "resolved": "https://registry.npmjs.org/is-extglob/-/is-extglob-2.1.1.tgz",
      "integrity": "sha1-qIwCU1eR8C7TfHahueqXc8gz+MI="
    },
    "is-glob": {
      "version": "4.0.1",
      "resolved": "https://registry.npmjs.org/is-glob/-/is-glob-4.0.1.tgz",
      "integrity": "sha512-5G0tKtBTFImOqDnLB2hG6Bp2qcKEFduo4tZu9MT/H6NQv/ghhy30o55ufafxJ/LdH79LLs2Kfrn85TLKyA7BUg==",
      "requires": {
        "is-extglob": "^2.1.1"
      }
    },
    "is-number": {
      "version": "7.0.0",
      "resolved": "https://registry.npmjs.org/is-number/-/is-number-7.0.0.tgz",
      "integrity": "sha512-41Cifkg6e8TylSpdtTpeLVMqvSBEVzTttHvERD741+pnZ8ANv0004MRL43QKPDlK9cGvNp6NZWZUBlbGXYxxng=="
    },
    "lodash": {
      "version": "4.17.21",
      "resolved": "https://registry.npmjs.org/lodash/-/lodash-4.17.21.tgz",
      "integrity": "sha512-v2kDEe57lecTulaDIuNTPy3Ry4gLGJ6Z1O3vE1krgXZNrsQ+LFTGHVxVjcXPs17LhbZVGedAJv8XZ1tvj5FvSg=="
    },
    "magic-string": {
      "version": "0.25.7",
      "resolved": "https://registry.npmjs.org/magic-string/-/magic-string-0.25.7.tgz",
      "integrity": "sha512-4CrMT5DOHTDk4HYDlzmwu4FVCcIYI8gauveasrdCu2IKIFOJ3f0v/8MDGJCDL9oD2ppz/Av1b0Nj345H9M+XIA==",
      "requires": {
        "sourcemap-codec": "^1.4.4"
      }
    },
    "merge2": {
      "version": "1.4.1",
      "resolved": "https://registry.npmjs.org/merge2/-/merge2-1.4.1.tgz",
      "integrity": "sha512-8q7VEgMJW4J8tcfVPy8g09NcQwZdbwFEqhe/WZkoIzjn/3TGDwtOCYtXGxA3O8tPzpczCCDgv+P2P5y00ZJOOg=="
    },
    "micromatch": {
      "version": "4.0.2",
      "resolved": "https://registry.npmjs.org/micromatch/-/micromatch-4.0.2.tgz",
      "integrity": "sha512-y7FpHSbMUMoyPbYUSzO6PaZ6FyRnQOpHuKwbo1G+Knck95XVU4QAiKdGEnj5wwoS7PlOgthX/09u5iFJ+aYf5Q==",
      "requires": {
        "braces": "^3.0.1",
        "picomatch": "^2.0.5"
      }
    },
    "minimist": {
      "version": "1.2.5",
      "resolved": "https://registry.npmjs.org/minimist/-/minimist-1.2.5.tgz",
      "integrity": "sha512-FM9nNUYrRBAELZQT3xeZQ7fmMOBg6nWNmJKTcgsJeaLstP/UODVpGsr5OhXhhXg6f+qtJ8uiZ+PUxkDWcgIXLw=="
    },
    "neo-async": {
      "version": "2.6.1",
      "resolved": "https://registry.npmjs.org/neo-async/-/neo-async-2.6.1.tgz",
      "integrity": "sha512-iyam8fBuCUpWeKPGpaNMetEocMt364qkCsfL9JuhjXX6dRnguRVOfk2GZaDpPjcOKiiXCPINZC1GczQ7iTq3Zw=="
    },
    "picomatch": {
      "version": "2.2.2",
      "resolved": "https://registry.npmjs.org/picomatch/-/picomatch-2.2.2.tgz",
      "integrity": "sha512-q0M/9eZHzmr0AulXyPwNfZjtwZ/RBZlbN3K3CErVrk50T2ASYI7Bye0EvekFY3IP1Nt2DHu0re+V2ZHIpMkuWg=="
    },
    "reusify": {
      "version": "1.0.4",
      "resolved": "https://registry.npmjs.org/reusify/-/reusify-1.0.4.tgz",
      "integrity": "sha512-U9nH88a3fc/ekCF1l0/UP1IosiuIjyTh7hBvXVMHYgVcfGvt897Xguj2UOLDeI5BG2m7/uwyaLVT6fbtCwTyzw=="
    },
    "rollup": {
      "version": "2.18.0",
      "resolved": "https://registry.npmjs.org/rollup/-/rollup-2.18.0.tgz",
      "integrity": "sha512-LhuQQp3WpnHo3HlKCRrdMXpB6jdLsGOoXXSfMjbv74s5VdV3WZhkYJT0Z6w/EH3UgPH+g/S9T4GJrKW/5iD8TA==",
      "requires": {
        "fsevents": "~2.1.2"
      }
    },
    "rollup-plugin-handlebars-plus": {
      "version": "0.2.5",
      "resolved": "https://registry.npmjs.org/rollup-plugin-handlebars-plus/-/rollup-plugin-handlebars-plus-0.2.5.tgz",
      "integrity": "sha512-7Sd5T/wNT/RcKDds2nqNiq0wZfek6CsUhE5P4OAWM+qehd0XKNaZ3bbuDOyN4z/CjR7q5KMcDG0cZUF18YNBfw==",
      "requires": {
        "handlebars": "^4.0.5"
      }
    },
    "rollup-plugin-json": {
      "version": "4.0.0",
      "resolved": "https://registry.npmjs.org/rollup-plugin-json/-/rollup-plugin-json-4.0.0.tgz",
      "integrity": "sha512-hgb8N7Cgfw5SZAkb3jf0QXii6QX/FOkiIq2M7BAQIEydjHvTyxXHQiIzZaTFgx1GK0cRCHOCBHIyEkkLdWKxow==",
      "requires": {
        "rollup-pluginutils": "^2.5.0"
      }
    },
    "rollup-plugin-string": {
      "version": "3.0.0",
      "resolved": "https://registry.npmjs.org/rollup-plugin-string/-/rollup-plugin-string-3.0.0.tgz",
      "integrity": "sha512-vqyzgn9QefAgeKi+Y4A7jETeIAU1zQmS6VotH6bzm/zmUQEnYkpIGRaOBPY41oiWYV4JyBoGAaBjYMYuv+6wVw==",
      "requires": {
        "rollup-pluginutils": "^2.4.1"
      }
    },
    "rollup-pluginutils": {
      "version": "2.8.2",
      "resolved": "https://registry.npmjs.org/rollup-pluginutils/-/rollup-pluginutils-2.8.2.tgz",
      "integrity": "sha512-EEp9NhnUkwY8aif6bxgovPHMoMoNr2FulJziTndpt5H9RdwC47GSGuII9XxpSdzVGM0GWrNPHV6ie1LTNJPaLQ==",
      "requires": {
        "estree-walker": "^0.6.1"
      },
      "dependencies": {
        "estree-walker": {
          "version": "0.6.1",
          "resolved": "https://registry.npmjs.org/estree-walker/-/estree-walker-0.6.1.tgz",
          "integrity": "sha512-SqmZANLWS0mnatqbSfRP5g8OXZC12Fgg1IwNtLsyHDzJizORW4khDfjPqJZsemPWBB2uqykUah5YpQ6epsqC/w=="
        }
      }
    },
    "run-parallel": {
      "version": "1.1.9",
      "resolved": "https://registry.npmjs.org/run-parallel/-/run-parallel-1.1.9.tgz",
      "integrity": "sha512-DEqnSRTDw/Tc3FXf49zedI638Z9onwUotBMiUFKmrO2sdFKIbXamXGQ3Axd4qgphxKB4kw/qP1w5kTxnfU1B9Q=="
    },
    "sax": {
      "version": "1.2.4",
      "resolved": "https://registry.npmjs.org/sax/-/sax-1.2.4.tgz",
      "integrity": "sha512-NqVDv9TpANUjFm0N8uM5GxL36UgKi9/atZw+x7YFnQ8ckwFGKrl4xX4yWtrey3UJm5nP1kUbnYgLopqWNSRhWw=="
    },
    "source-map": {
      "version": "0.6.1",
      "resolved": "https://registry.npmjs.org/source-map/-/source-map-0.6.1.tgz",
      "integrity": "sha512-UjgapumWlbMhkBgzT7Ykc5YXUT46F0iKu8SGXq0bcwP5dz/h0Plj6enJqjz1Zbq2l5WaqYnrVbwWOWMyF3F47g=="
    },
    "sourcemap-codec": {
      "version": "1.4.8",
      "resolved": "https://registry.npmjs.org/sourcemap-codec/-/sourcemap-codec-1.4.8.tgz",
      "integrity": "sha512-9NykojV5Uih4lgo5So5dtw+f0JgJX30KCNI8gwhz2J9A15wD0Ml6tjHKwf6fTSa6fAdVBdZeNOs9eJ71qCk8vA=="
    },
    "to-fast-properties": {
      "version": "2.0.0",
      "resolved": "https://registry.npmjs.org/to-fast-properties/-/to-fast-properties-2.0.0.tgz",
      "integrity": "sha1-3F5pjL0HkmW8c+A3doGk5Og/YW4="
    },
    "to-regex-range": {
      "version": "5.0.1",
      "resolved": "https://registry.npmjs.org/to-regex-range/-/to-regex-range-5.0.1.tgz",
      "integrity": "sha512-65P7iz6X5yEr1cwcgvQxbbIw7Uk3gOy5dIdtZ4rDveLqhrdJP+Li/Hx6tyK0NEb+2GCyneCMJiGqrADCSNk8sQ==",
      "requires": {
        "is-number": "^7.0.0"
      }
    },
    "uglify-js": {
      "version": "3.10.0",
      "resolved": "https://registry.npmjs.org/uglify-js/-/uglify-js-3.10.0.tgz",
      "integrity": "sha512-Esj5HG5WAyrLIdYU74Z3JdG2PxdIusvj6IWHMtlyESxc7kcDz7zYlYjpnSokn1UbpV0d/QX9fan7gkCNd/9BQA==",
      "optional": true
    },
    "wordwrap": {
      "version": "1.0.0",
      "resolved": "https://registry.npmjs.org/wordwrap/-/wordwrap-1.0.0.tgz",
      "integrity": "sha1-J1hIEIkUVqQXHI0CJkQa3pDLyus="
    },
    "xml2js": {
      "version": "0.4.23",
      "resolved": "https://registry.npmjs.org/xml2js/-/xml2js-0.4.23.tgz",
      "integrity": "sha512-ySPiMjM0+pLDftHgXY4By0uswI3SPKLDw/i3UXbnO8M/p28zqexCUoPmQFrYD+/1BzhGJSs2i1ERWKJAtiLrug==",
      "requires": {
        "sax": ">=0.6.0",
        "xmlbuilder": "~11.0.0"
      }
    },
    "xmlbuilder": {
      "version": "11.0.1",
      "resolved": "https://registry.npmjs.org/xmlbuilder/-/xmlbuilder-11.0.1.tgz",
      "integrity": "sha512-fDlsI/kFEx7gLvbecc0/ohLG50fugQp8ryHzMTuW9vSa1GJ0XYWKnhsUx7oie3G98+r56aTQIUB4kht42R3JvA=="
    }
  }
}
